
Microsoft Visual Studio Solution File, Format Version 12.00
# Visual Studio Version 16
VisualStudioVersion = 16.0.30804.86
MinimumVisualStudioVersion = 10.0.40219.1
Project("{888888A0-9F3D-457C-B088-3A5042F75D52}") = "Simple Calculator", "Simple Calculator\Simple Calculator.pyproj", "{51293BB4-0FA8-4938-80C0-7AB940B2C2C6}"
EndProject
Global
	GlobalSection(SolutionConfigurationPlatforms) = preSolution
		Debug|Any CPU = Debug|Any CPU
		Release|Any CPU = Release|Any CPU
	EndGlobalSection
	GlobalSection(ProjectConfigurationPlatforms) = postSolution
		{51293BB4-0FA8-4938-80C0-7AB940B2C2C6}.Debug|Any CPU.ActiveCfg = Debug|Any CPU
		{51293BB4-0FA8-4938-80C0-7AB940B2C2C6}.Release|Any CPU.ActiveCfg = Release|Any CPU
	EndGlobalSection
	GlobalSection(SolutionProperties) = preSolution
		HideSolutionNode = FALSE
	EndGlobalSection
	GlobalSection(ExtensibilityGlobals) = postSolution
		SolutionGuid = {540BAEAA-B7F4-4063-9BF3-AF1E61A72FC6}
	EndGlobalSection
EndGlobal
